
Microsoft Visual Studio Solution File, Format Version 12.00
# Visual Studio Version 17
VisualStudioVersion = 17.11.35312.102
MinimumVisualStudioVersion = 10.0.40219.1
Project("{FAE04EC0-301F-11D3-BF4B-00C04F79EFBC}") = "FoodOrderApp", "FoodOrderApp.csproj", "{CFD967EE-8135-43F0-A794-9305A19B7847}"
EndProject
Global
	GlobalSection(SolutionConfigurationPlatforms) = preSolution
		Debug|Any CPU = Debug|Any CPU
		Release|Any CPU = Release|Any CPU
	EndGlobalSection
	GlobalSection(ProjectConfigurationPlatforms) = postSolution
		{CFD967EE-8135-43F0-A794-9305A19B7847}.Debug|Any CPU.ActiveCfg = Debug|Any CPU
		{CFD967EE-8135-43F0-A794-9305A19B7847}.Debug|Any CPU.Build.0 = Debug|Any CPU
		{CFD967EE-8135-43F0-A794-9305A19B7847}.Release|Any CPU.ActiveCfg = Release|Any CPU
		{CFD967EE-8135-43F0-A794-9305A19B7847}.Release|Any CPU.Build.0 = Release|Any CPU
	EndGlobalSection
	GlobalSection(SolutionProperties) = preSolution
		HideSolutionNode = FALSE
	EndGlobalSection
	GlobalSection(ExtensibilityGlobals) = postSolution
		SolutionGuid = {208500B9-5D34-4E04-B9D4-FD10A4827198}
	EndGlobalSection
EndGlobal
